// !$*UTF8*$!
{
	archiveVersion = 1;
	classes = {
	};
	objectVersion = 46;
	objects = {

/* Begin PBXBuildFile section */
		2D402BE11B11BAA900353B2F /* main.m in Sources */ = {isa = PBXBuildFile; fileRef = 2D402BE01B11BAA900353B2F /* main.m */; };
		2D402BE41B11BAA900353B2F /* AppDelegate.m in Sources */ = {isa = PBXBuildFile; fileRef = 2D402BE31B11BAA900353B2F /* AppDelegate.m */; };
		2D402BE71B11BAA900353B2F /* ViewController.m in Sources */ = {isa = PBXBuildFile; fileRef = 2D402BE61B11BAA900353B2F /* ViewController.m */; };
		2D402BEA1B11BAA900353B2F /* Main.storyboard in Resources */ = {isa = PBXBuildFile; fileRef = 2D402BE81B11BAA900353B2F /* Main.storyboard */; };
		2D402BEC1B11BAA900353B2F /* Images.xcassets in Resources */ = {isa = PBXBuildFile; fileRef = 2D402BEB1B11BAA900353B2F /* Images.xcassets */; };
		2D402BEF1B11BAA900353B2F /* LaunchScreen.xib in Resources */ = {isa = PBXBuildFile; fileRef = 2D402BED1B11BAA900353B2F /* LaunchScreen.xib */; };
		2D402BFB1B11BAA900353B2F /* DemoUnitTestingTests.m in Sources */ = {isa = PBXBuildFile; fileRef = 2D402BFA1B11BAA900353B2F /* DemoUnitTestingTests.m */; };
/* End PBXBuildFile section */

/* Begin PBXContainerItemProxy section */
		2D402BF51B11BAA900353B2F /* PBXContainerItemProxy */ = {
			isa = PBXContainerItemProxy;
			containerPortal = 2D402BD31B11BAA900353B2F /* Project object */;
			proxyType = 1;
			remoteGlobalIDString = 2D402BDA1B11BAA900353B2F;
			remoteInfo = DemoUnitTesting;
		};
/* End PBXContainerItemProxy section */

/* Begin PBXFileReference section */
		2D402BDB1B11BAA900353B2F /* DemoUnitTesting.app */ = {isa = PBXFileReference; explicitFileType = wrapper.application; includeInIndex = 0; path = DemoUnitTesting.app; sourceTree = BUILT_PRODUCTS_DIR; };
		2D402BDF1B11BAA900353B2F /* Info.plist */ = {isa = PBXFileReference; lastKnownFileType = text.plist.xml; path = Info.plist; sourceTree = "<group>"; };
		2D402BE01B11BAA900353B2F /* main.m */ = {isa = PBXFileReference; lastKnownFileType = sourcecode.c.objc; path = main.m; sourceTree = "<group>"; };
		2D402BE21B11BAA900353B2F /* AppDelegate.h */ = {isa = PBXFileReference; lastKnownFileType = sourcecode.c.h; path = AppDelegate.h; sourceTree = "<group>"; };
		2D402BE31B11BAA900353B2F /* AppDelegate.m */ = {isa = PBXFileReference; lastKnownFileType = sourcecode.c.objc; path = AppDelegate.m; sourceTree = "<group>"; };
		2D402BE51B11BAA900353B2F /* ViewController.h */ = {isa = PBXFileReference; lastKnownFileType = sourcecode.c.h; path = ViewController.h; sourceTree = "<group>"; };
		2D402BE61B11BAA900353B2F /* ViewController.m */ = {isa = PBXFileReference; lastKnownFileType = sourcecode.c.objc; path = ViewController.m; sourceTree = "<group>"; };
		2D402BE91B11BAA900353B2F /* Base */ = {isa = PBXFileReference; lastKnownFileType = file.storyboard; name = Base; path = Base.lproj/Main.storyboard; sourceTree = "<group>"; };
		2D402BEB1B11BAA900353B2F /* Images.xcassets */ = {isa = PBXFileReference; lastKnownFileType = folder.assetcatalog; path = Images.xcassets; sourceTree = "<group>"; };
		2D402BEE1B11BAA900353B2F /* Base */ = {isa = PBXFileReference; lastKnownFileType = file.xib; name = Base; path = Base.lproj/LaunchScreen.xib; sourceTree = "<group>"; };
		2D402BF41B11BAA900353B2F /* DemoUnitTestingTests.xctest */ = {isa = PBXFileReference; explicitFileType = wrapper.cfbundle; includeInIndex = 0; path = DemoUnitTestingTests.xctest; sourceTree = BUILT_PRODUCTS_DIR; };
		2D402BF91B11BAA900353B2F /* Info.plist */ = {isa = PBXFileReference; lastKnownFileType = text.plist.xml; path = Info.plist; sourceTree = "<group>"; };
		2D402BFA1B11BAA900353B2F /* DemoUnitTestingTests.m */ = {isa = PBXFileReference; lastKnownFileType = sourcecode.c.objc; path = DemoUnitTestingTests.m; sourceTree = "<group>"; };
/* End PBXFileReference section */

/* Begin PBXFrameworksBuildPhase section */
		2D402BD81B11BAA900353B2F /* Frameworks */ = {
			isa = PBXFrameworksBuildPhase;
			buildActionMask = 2147483647;
			files = (
			);
			runOnlyForDeploymentPostprocessing = 0;
		};
		2D402BF11B11BAA900353B2F /* Frameworks */ = {
			isa = PBXFrameworksBuildPhase;
			buildActionMask = 2147483647;
			files = (
			);
			runOnlyForDeploymentPostprocessing = 0;
		};
/* End PBXFrameworksBuildPhase section */

/* Begin PBXGroup section */
		2D402BD21B11BAA900353B2F = {
			isa = PBXGroup;
			children = (
				2D402BDD1B11BAA900353B2F /* DemoUnitTesting */,
				2D402BF71B11BAA900353B2F /* DemoUnitTestingTests */,
				2D402BDC1B11BAA900353B2F /* Products */,
			);
			sourceTree = "<group>";
		};
		2D402BDC1B11BAA900353B2F /* Products */ = {
			isa = PBXGroup;
			children = (
				2D402BDB1B11BAA900353B2F /* DemoUnitTesting.app */,
				2D402BF41B11BAA900353B2F /* DemoUnitTestingTests.xctest */,
			);
			name = Products;
			sourceTree = "<group>";
		};
		2D402BDD1B11BAA900353B2F /* DemoUnitTesting */ = {
			isa = PBXGroup;
			children = (
				2D402BE21B11BAA900353B2F /* AppDelegate.h */,
				2D402BE31B11BAA900353B2F /* AppDelegate.m */,
				2D402BE51B11BAA900353B2F /* ViewController.h */,
				2D402BE61B11BAA900353B2F /* ViewController.m */,
				2D402BE81B11BAA900353B2F /* Main.storyboard */,
				2D402BEB1B11BAA900353B2F /* Images.xcassets */,
				2D402BED1B11BAA900353B2F /* LaunchScreen.xib */,
				2D402BDE1B11BAA900353B2F /* Supporting Files */,
			);
			path = DemoUnitTesting;
			sourceTree = "<group>";
		};
		2D402BDE1B11BAA900353B2F /* Supporting Files */ = {
			isa = PBXGroup;
			children = (
				2D402BDF1B11BAA900353B2F /* Info.plist */,
				2D402BE01B11BAA900353B2F /* main.m */,
			);
			name = "Supporting Files";
			sourceTree = "<group>";
		};
		2D402BF71B11BAA900353B2F /* DemoUnitTestingTests */ = {
			isa = PBXGroup;
			children = (
				2D402BFA1B11BAA900353B2F /* DemoUnitTestingTests.m */,
				2D402BF81B11BAA900353B2F /* Supporting Files */,
			);
			path = DemoUnitTestingTests;
			sourceTree = "<group>";
		};
		2D402BF81B11BAA900353B2F /* Supporting Files */ = {
			isa = PBXGroup;
			children = (
				2D402BF91B11BAA900353B2F /* Info.plist */,
			);
			name = "Supporting Files";
			sourceTree = "<group>";
		};
/* End PBXGroup section */

/* Begin PBXNativeTarget section */
		2D402BDA1B11BAA900353B2F /* DemoUnitTesting */ = {
			isa = PBXNativeTarget;
			buildConfigurationList = 2D402BFE1B11BAA900353B2F /* Build configuration list for PBXNativeTarget "DemoUnitTesting" */;
			buildPhases = (
				2D402BD71B11BAA900353B2F /* Sources */,
				2D402BD81B11BAA900353B2F /* Frameworks */,
				2D402BD91B11BAA900353B2F /* Resources */,
			);
			buildRules = (
			);
			dependencies = (
			);
			name = DemoUnitTesting;
			productName = DemoUnitTesting;
			productReference = 2D402BDB1B11BAA900353B2F /* DemoUnitTesting.app */;
			productType = "com.apple.product-type.application";
		};
		2D402BF31B11BAA900353B2F /* DemoUnitTestingTests */ = {
			isa = PBXNativeTarget;
			buildConfigurationList = 2D402C011B11BAA900353B2F /* Build configuration list for PBXNativeTarget "DemoUnitTestingTests" */;
			buildPhases = (
				2D402BF01B11BAA900353B2F /* Sources */,
				2D402BF11B11BAA900353B2F /* Frameworks */,
				2D402BF21B11BAA900353B2F /* Resources */,
			);
			buildRules = (
			);
			dependencies = (
				2D402BF61B11BAA900353B2F /* PBXTargetDependency */,
			);
			name = DemoUnitTestingTests;
			productName = DemoUnitTestingTests;
			productReference = 2D402BF41B11BAA900353B2F /* DemoUnitTestingTests.xctest */;
			productType = "com.apple.product-type.bundle.unit-test";
		};
/* End PBXNativeTarget section */

/* Begin PBXProject section */
		2D402BD31B11BAA900353B2F /* Project object */ = {
			isa = PBXProject;
			attributes = {
				LastUpgradeCheck = 0620;
				ORGANIZATIONNAME = ajjnix;
				TargetAttributes = {
					2D402BDA1B11BAA900353B2F = {
						CreatedOnToolsVersion = 6.2;
					};
					2D402BF31B11BAA900353B2F = {
						CreatedOnToolsVersion = 6.2;
						TestTargetID = 2D402BDA1B11BAA900353B2F;
					};
				};
			};
			buildConfigurationList = 2D402BD61B11BAA900353B2F /* Build configuration list for PBXProject "DemoUnitTesting" */;
			compatibilityVersion = "Xcode 3.2";
			developmentRegion = English;
			hasScannedForEncodings = 0;
			knownRegions = (
				en,
				Base,
			);
			mainGroup = 2D402BD21B11BAA900353B2F;
			productRefGroup = 2D402BDC1B11BAA900353B2F /* Products */;
			projectDirPath = "";
			projectRoot = "";
			targets = (
				2D402BDA1B11BAA900353B2F /* DemoUnitTesting */,
				2D402BF31B11BAA900353B2F /* DemoUnitTestingTests */,
			);
		};
/* End PBXProject section */

/* Begin PBXResourcesBuildPhase section */
		2D402BD91B11BAA900353B2F /* Resources */ = {
			isa = PBXResourcesBuildPhase;
			buildActionMask = 2147483647;
			files = (
				2D402BEA1B11BAA900353B2F /* Main.storyboard in Resources */,
				2D402BEF1B11BAA900353B2F /* LaunchScreen.xib in Resources */,
				2D402BEC1B11BAA900353B2F /* Images.xcassets in Resources */,
			);
			runOnlyForDeploymentPostprocessing = 0;
		};
		2D402BF21B11BAA900353B2F /* Resources */ = {
			isa = PBXResourcesBuildPhase;
			buildActionMask = 2147483647;
			files = (
			);
			runOnlyForDeploymentPostprocessing = 0;
		};
/* End PBXResourcesBuildPhase section */

/* Begin PBXSourcesBuildPhase section */
		2D402BD71B11BAA900353B2F /* Sources */ = {
			isa = PBXSourcesBuildPhase;
			buildActionMask = 2147483647;
			files = (
				2D402BE71B11BAA900353B2F /* ViewController.m in Sources */,
				2D402BE41B11BAA900353B2F /* AppDelegate.m in Sources */,
				2D402BE11B11BAA900353B2F /* main.m in Sources */,
			);
			runOnlyForDeploymentPostprocessing = 0;
		};
		2D402BF01B11BAA900353B2F /* Sources */ = {
			isa = PBXSourcesBuildPhase;
			buildActionMask = 2147483647;
			files = (
				2D402BFB1B11BAA900353B2F /* DemoUnitTestingTests.m in Sources */,
			);
			runOnlyForDeploymentPostprocessing = 0;
		};
/* End PBXSourcesBuildPhase section */

/* Begin PBXTargetDependency section */
		2D402BF61B11BAA900353B2F /* PBXTargetDependency */ = {
			isa = PBXTargetDependency;
			target = 2D402BDA1B11BAA900353B2F /* DemoUnitTesting */;
			targetProxy = 2D402BF51B11BAA900353B2F /* PBXContainerItemProxy */;
		};
/* End PBXTargetDependency section */

/* Begin PBXVariantGroup section */
		2D402BE81B11BAA900353B2F /* Main.storyboard */ = {
			isa = PBXVariantGroup;
			children = (
				2D402BE91B11BAA900353B2F /* Base */,
			);
			name = Main.storyboard;
			sourceTree = "<group>";
		};
		2D402BED1B11BAA900353B2F /* LaunchScreen.xib */ = {
			isa = PBXVariantGroup;
			children = (
				2D402BEE1B11BAA900353B2F /* Base */,
			);
			name = LaunchScreen.xib;
			sourceTree = "<group>";
		};
/* End PBXVariantGroup section */

/* Begin XCBuildConfiguration section */
		2D402BFC1B11BAA900353B2F /* Debug */ = {
			isa = XCBuildConfiguration;
			buildSettings = {
				ALWAYS_SEARCH_USER_PATHS = NO;
				CLANG_CXX_LANGUAGE_STANDARD = "gnu++0x";
				CLANG_CXX_LIBRARY = "libc++";
				CLANG_ENABLE_MODULES = YES;
				CLANG_ENABLE_OBJC_ARC = YES;
				CLANG_WARN_BOOL_CONVERSION = YES;
				CLANG_WARN_CONSTANT_CONVERSION = YES;
				CLANG_WARN_DIRECT_OBJC_ISA_USAGE = YES_ERROR;
				CLANG_WARN_EMPTY_BODY = YES;
				CLANG_WARN_ENUM_CONVERSION = YES;
				CLANG_WARN_INT_CONVERSION = YES;
				CLANG_WARN_OBJC_ROOT_CLASS = YES_ERROR;
				CLANG_WARN_UNREACHABLE_CODE = YES;
				CLANG_WARN__DUPLICATE_METHOD_MATCH = YES;
				"CODE_SIGN_IDENTITY[sdk=iphoneos*]" = "iPhone Developer";
				COPY_PHASE_STRIP = NO;
				ENABLE_STRICT_OBJC_MSGSEND = YES;
				GCC_C_LANGUAGE_STANDARD = gnu99;
				GCC_DYNAMIC_NO_PIC = NO;
				GCC_OPTIMIZATION_LEVEL = 0;
				GCC_PREPROCESSOR_DEFINITIONS = (
					"DEBUG=1",
					"$(inherited)",
				);
				GCC_SYMBOLS_PRIVATE_EXTERN = NO;
				GCC_WARN_64_TO_32_BIT_CONVERSION = YES;
				GCC_WARN_ABOUT_RETURN_TYPE = YES_ERROR;
				GCC_WARN_UNDECLARED_SELECTOR = YES;
				GCC_WARN_UNINITIALIZED_AUTOS = YES_AGGRESSIVE;
				GCC_WARN_UNUSED_FUNCTION = YES;
				GCC_WARN_UNUSED_VARIABLE = YES;
				IPHONEOS_DEPLOYMENT_TARGET = 8.2;
				MTL_ENABLE_DEBUG_INFO = YES;
				ONLY_ACTIVE_ARCH = YES;
				SDKROOT = iphoneos;
				TARGETED_DEVICE_FAMILY = "1,2";
			};
			name = Debug;
		};
		2D402BFD1B11BAA900353B2F /* Release */ = {
			isa = XCBuildConfiguration;
			buildSettings = {
				ALWAYS_SEARCH_USER_PATHS = NO;
				CLANG_CXX_LANGUAGE_STANDARD = "gnu++0x";
				CLANG_CXX_LIBRARY = "libc++";
				CLANG_ENABLE_MODULES = YES;
				CLANG_ENABLE_OBJC_ARC = YES;
				CLANG_WARN_BOOL_CONVERSION = YES;
				CLANG_WARN_CONSTANT_CONVERSION = YES;
				CLANG_WARN_DIRECT_OBJC_ISA_USAGE = YES_ERROR;
				CLANG_WARN_EMPTY_BODY = YES;
				CLANG_WARN_ENUM_CONVERSION = YES;
				CLANG_WARN_INT_CONVERSION = YES;
				CLANG_WARN_OBJC_ROOT_CLASS = YES_ERROR;
				CLANG_WARN_UNREACHABLE_CODE = YES;
				CLANG_WARN__DUPLICATE_METHOD_MATCH = YES;
				"CODE_SIGN_IDENTITY[sdk=iphoneos*]" = "iPhone Developer";
				COPY_PHASE_STRIP = NO;
				ENABLE_NS_ASSERTIONS = NO;
				ENABLE_STRICT_OBJC_MSGSEND = YES;
				GCC_C_LANGUAGE_STANDARD = gnu99;
				GCC_WARN_64_TO_32_BIT_CONVERSION = YES;
				GCC_WARN_ABOUT_RETURN_TYPE = YES_ERROR;
				GCC_WARN_UNDECLARED_SELECTOR = YES;
				GCC_WARN_UNINITIALIZED_AUTOS = YES_AGGRESSIVE;
				GCC_WARN_UNUSED_FUNCTION = YES;
				GCC_WARN_UNUSED_VARIABLE = YES;
				IPHONEOS_DEPLOYMENT_TARGET = 8.2;
				MTL_ENABLE_DEBUG_INFO = NO;
				SDKROOT = iphoneos;
				TARGETED_DEVICE_FAMILY = "1,2";
				VALIDATE_PRODUCT = YES;
			};
			name = Release;
		};
		2D402BFF1B11BAA900353B2F /* Debug */ = {
			isa = XCBuildConfiguration;
			buildSettings = {
				ASSETCATALOG_COMPILER_APPICON_NAME = AppIcon;
				INFOPLIST_FILE = DemoUnitTesting/Info.plist;
				LD_RUNPATH_SEARCH_PATHS = "$(inherited) @executable_path/Frameworks";
				PRODUCT_NAME = "$(TARGET_NAME)";
			};
			name = Debug;
		};
		2D402C001B11BAA900353B2F /* Release */ = {
			isa = XCBuildConfiguration;
			buildSettings = {
				ASSETCATALOG_COMPILER_APPICON_NAME = AppIcon;
				INFOPLIST_FILE = DemoUnitTesting/Info.plist;
				LD_RUNPATH_SEARCH_PATHS = "$(inherited) @executable_path/Frameworks";
				PRODUCT_NAME = "$(TARGET_NAME)";
			};
			name = Release;
		};
		2D402C021B11BAA900353B2F /* Debug */ = {
			isa = XCBuildConfiguration;
			buildSettings = {
				BUNDLE_LOADER = "$(TEST_HOST)";
				FRAMEWORK_SEARCH_PATHS = (
					"$(SDKROOT)/Developer/Library/Frameworks",
					"$(inherited)",
				);
				GCC_PREPROCESSOR_DEFINITIONS = (
					"DEBUG=1",
					"$(inherited)",
				);
				INFOPLIST_FILE = DemoUnitTestingTests/Info.plist;
				LD_RUNPATH_SEARCH_PATHS = "$(inherited) @executable_path/Frameworks @loader_path/Frameworks";
				PRODUCT_NAME = "$(TARGET_NAME)";
				TEST_HOST = "$(BUILT_PRODUCTS_DIR)/DemoUnitTesting.app/DemoUnitTesting";
			};
			name = Debug;
		};
		2D402C031B11BAA900353B2F /* Release */ = {
			isa = XCBuildConfiguration;
			buildSettings = {
				BUNDLE_LOADER = "$(TEST_HOST)";
				FRAMEWORK_SEARCH_PATHS = (
					"$(SDKROOT)/Developer/Library/Frameworks",
					"$(inherited)",
				);
				INFOPLIST_FILE = DemoUnitTestingTests/Info.plist;
				LD_RUNPATH_SEARCH_PATHS = "$(inherited) @executable_path/Frameworks @loader_path/Frameworks";
				PRODUCT_NAME = "$(TARGET_NAME)";
				TEST_HOST = "$(BUILT_PRODUCTS_DIR)/DemoUnitTesting.app/DemoUnitTesting";
			};
			name = Release;
		};
/* End XCBuildConfiguration section */

/* Begin XCConfigurationList section */
		2D402BD61B11BAA900353B2F /* Build configuration list for PBXProject "DemoUnitTesting" */ = {
			isa = XCConfigurationList;
			buildConfigurations = (
				2D402BFC1B11BAA900353B2F /* Debug */,
				2D402BFD1B11BAA900353B2F /* Release */,
			);
			defaultConfigurationIsVisible = 0;
			defaultConfigurationName = Release;
		};
		2D402BFE1B11BAA900353B2F /* Build configuration list for PBXNativeTarget "DemoUnitTesting" */ = {
			isa = XCConfigurationList;
			buildConfigurations = (
				2D402BFF1B11BAA900353B2F /* Debug */,
				2D402C001B11BAA900353B2F /* Release */,
			);
			defaultConfigurationIsVisible = 0;
		};
		2D402C011B11BAA900353B2F /* Build configuration list for PBXNativeTarget "DemoUnitTestingTests" */ = {
			isa = XCConfigurationList;
			buildConfigurations = (
				2D402C021B11BAA900353B2F /* Debug */,
				2D402C031B11BAA900353B2F /* Release */,
			);
			defaultConfigurationIsVisible = 0;
		};
/* End XCConfigurationList section */
	};
	rootObject = 2D402BD31B11BAA900353B2F /* Project object */;
}
